
Microsoft Visual Studio Solution File, Format Version 12.00
# Visual Studio Version 17
VisualStudioVersion = 17.9.34728.123
MinimumVisualStudioVersion = 10.0.40219.1
Project("{FAE04EC0-301F-11D3-BF4B-00C04F79EFBC}") = "HeartSwitch", "HeartSwitch\HeartSwitch.csproj", "{1C3B38A6-32DF-4ECD-8029-5800764B03A9}"
EndProject
Global
	GlobalSection(SolutionConfigurationPlatforms) = preSolution
		Debug|Any CPU = Debug|Any CPU
		Release|Any CPU = Release|Any CPU
	EndGlobalSection
	GlobalSection(ProjectConfigurationPlatforms) = postSolution
		{1C3B38A6-32DF-4ECD-8029-5800764B03A9}.Debug|Any CPU.ActiveCfg = Debug|Any CPU
		{1C3B38A6-32DF-4ECD-8029-5800764B03A9}.Debug|Any CPU.Build.0 = Debug|Any CPU
		{1C3B38A6-32DF-4ECD-8029-5800764B03A9}.Release|Any CPU.ActiveCfg = Release|Any CPU
		{1C3B38A6-32DF-4ECD-8029-5800764B03A9}.Release|Any CPU.Build.0 = Release|Any CPU
	EndGlobalSection
	GlobalSection(SolutionProperties) = preSolution
		HideSolutionNode = FALSE
	EndGlobalSection
	GlobalSection(ExtensibilityGlobals) = postSolution
		SolutionGuid = {E274950D-B576-4FDD-B97D-AAE3DD86B6D4}
	EndGlobalSection
EndGlobal
